
Microsoft Visual Studio Solution File, Format Version 9.00
# Visual Studio 2005
Project("{FAE04EC0-301F-11D3-BF4B-00C04F79EFBC}") = "Logic", "Logic.csproj", "{2DB70C8C-C334-47A0-AFC8-4C0AAB66892A}"
EndProject
Global
	GlobalSection(SolutionConfigurationPlatforms) = preSolution
		Debug|Any CPU = Debug|Any CPU
		Release|Any CPU = Release|Any CPU
	EndGlobalSection
	GlobalSection(ProjectConfigurationPlatforms) = postSolution
		{2DB70C8C-C334-47A0-AFC8-4C0AAB66892A}.Debug|Any CPU.ActiveCfg = Release|Any CPU
		{2DB70C8C-C334-47A0-AFC8-4C0AAB66892A}.Debug|Any CPU.Build.0 = Release|Any CPU
		{2DB70C8C-C334-47A0-AFC8-4C0AAB66892A}.Release|Any CPU.ActiveCfg = Release|Any CPU
		{2DB70C8C-C334-47A0-AFC8-4C0AAB66892A}.Release|Any CPU.Build.0 = Release|Any CPU
	EndGlobalSection
	GlobalSection(SolutionProperties) = preSolution
		HideSolutionNode = FALSE
	EndGlobalSection
EndGlobal
