
Microsoft Visual Studio Solution File, Format Version 9.00
# Visual Studio 2005
Project("{54435603-DBB4-11D2-8724-00A0C9A8B90C}") = "LOGIC", "LOGIC\LOGIC.vdproj", "{A38272AE-0DEE-42FA-A8F5-8A2E2E26FCF7}"
EndProject
Global
	GlobalSection(SolutionConfigurationPlatforms) = preSolution
		Debug|Default = Debug|Default
		Release|Default = Release|Default
	EndGlobalSection
	GlobalSection(ProjectConfigurationPlatforms) = postSolution
		{A38272AE-0DEE-42FA-A8F5-8A2E2E26FCF7}.Debug|Default.ActiveCfg = Debug
		{A38272AE-0DEE-42FA-A8F5-8A2E2E26FCF7}.Debug|Default.Build.0 = Debug
		{A38272AE-0DEE-42FA-A8F5-8A2E2E26FCF7}.Release|Default.ActiveCfg = Release
		{A38272AE-0DEE-42FA-A8F5-8A2E2E26FCF7}.Release|Default.Build.0 = Release
	EndGlobalSection
	GlobalSection(SolutionProperties) = preSolution
		HideSolutionNode = FALSE
	EndGlobalSection
EndGlobal
